
Microsoft Visual Studio Solution File, Format Version 12.00
# Visual Studio Version 17
VisualStudioVersion = 17.7.34009.444
MinimumVisualStudioVersion = 10.0.40219.1
Project("{9A19103F-16F7-4668-BE54-9A1E7A4F7556}") = "CommonZ", "CommonZ\CommonZ.csproj", "{50A7F0CE-AFEE-418E-89E3-96F41D45BF8A}"
EndProject
Project("{9A19103F-16F7-4668-BE54-9A1E7A4F7556}") = "ZSharp.AST", "ZSharp.AST\ZSharp.AST.csproj", "{FF325F83-6A09-4476-81B3-73315CE03FB1}"
EndProject
Project("{9A19103F-16F7-4668-BE54-9A1E7A4F7556}") = "ZSharp.Text", "ZSharp.Text\ZSharp.Text.csproj", "{E81AC1F8-9CED-4E6E-B1F2-A9E66A1EBF63}"
EndProject
Project("{9A19103F-16F7-4668-BE54-9A1E7A4F7556}") = "ZSharp.IR", "ZSharp.IR\ZSharp.IR.csproj", "{A6987B24-D697-4F9F-9615-9BE8641065A8}"
EndProject
Project("{9A19103F-16F7-4668-BE54-9A1E7A4F7556}") = "ZSharp.Compiler", "ZSharp.Compiler\ZSharp.Compiler.csproj", "{678634DE-CD65-4020-AB16-CCC77E013299}"
EndProject
Project("{9A19103F-16F7-4668-BE54-9A1E7A4F7556}") = "ZSharp.Tokenizer", "ZSharp.Tokenizer\ZSharp.Tokenizer.csproj", "{2A7DE2EA-2347-465B-AFC4-62F46B380F30}"
EndProject
Project("{9A19103F-16F7-4668-BE54-9A1E7A4F7556}") = "ZSharp.Parser", "ZSharp.Parser\ZSharp.Parser.csproj", "{8523CD79-8272-4331-A49F-947B0269A42D}"
EndProject
Project("{FAE04EC0-301F-11D3-BF4B-00C04F79EFBC}") = "ZSharp.Interpreter", "ZSharp.Interpreter\ZSharp.Interpreter.csproj", "{F46A91F5-47BA-468A-81F0-FF6BCEB4112C}"
EndProject
Project("{FAE04EC0-301F-11D3-BF4B-00C04F79EFBC}") = "ZSharp.Library.Standard.Math", "ZSharp.Library.Standard.Math\ZSharp.Library.Standard.Math.csproj", "{AF9E7F68-2AB3-42F7-AE29-5D7A1CE89DBA}"
EndProject
Project("{FAE04EC0-301F-11D3-BF4B-00C04F79EFBC}") = "ZSharp.Compiler.Features", "ZSharp.Compiler.Features\ZSharp.Compiler.Features.csproj", "{E3DAA459-48D0-461E-A17E-453816D15090}"
EndProject
Project("{FAE04EC0-301F-11D3-BF4B-00C04F79EFBC}") = "Testing", "Testing\Testing.csproj", "{8A5EB8BE-EDF3-444E-AC15-A3E9DEF1FC7F}"
EndProject
Project("{FAE04EC0-301F-11D3-BF4B-00C04F79EFBC}") = "ZSharp.Library.Standard.FileSystem", "ZSharp.Library.Standard.FileSystem\ZSharp.Library.Standard.FileSystem.csproj", "{7E9F2ABB-373C-40BF-8D62-CBDD64DA8E36}"
EndProject
Project("{FAE04EC0-301F-11D3-BF4B-00C04F79EFBC}") = "ZSharp.Platform.IL", "ZSharp.Platform.IL\ZSharp.Platform.IL.csproj", "{2222D3B2-0148-4AAC-955C-679E7F20C2FA}"
EndProject
Project("{FAE04EC0-301F-11D3-BF4B-00C04F79EFBC}") = "ZSharp.Importer.ILLoader", "ZSharp.Importer.ILLoader\ZSharp.Importer.ILLoader.csproj", "{980FAC95-52E8-499D-96A9-943EE4861EA0}"
EndProject
Project("{FAE04EC0-301F-11D3-BF4B-00C04F79EFBC}") = "ZSharp.Platform.Runtime", "ZSharp.Platform.Runtime\ZSharp.Platform.Runtime.csproj", "{3CD28041-00F7-4A40-BEFD-4F77809BCBF7}"
EndProject
Project("{FAE04EC0-301F-11D3-BF4B-00C04F79EFBC}") = "ZSharp.Compiler.IR", "ZSharp.Compiler.IR\ZSharp.Compiler.IR.csproj", "{B3E3E076-4B77-433F-9466-D0A0D8D9EAFA}"
EndProject
Project("{FAE04EC0-301F-11D3-BF4B-00C04F79EFBC}") = "ZSharp.SourceCompiler.Project", "ZSharp.SourceCompiler.Project\ZSharp.SourceCompiler.Project.csproj", "{FBDD6EA4-FA23-47B3-8A41-538AE2EA575E}"
EndProject
Project("{FAE04EC0-301F-11D3-BF4B-00C04F79EFBC}") = "ZSharp.Importer.ILLoader.Attributes", "ZSharp.Importer.ILLoader.Attributes\ZSharp.Importer.ILLoader.Attributes.csproj", "{42BF3911-0DC7-4831-A989-98D48C17CC74}"
EndProject
Project("{FAE04EC0-301F-11D3-BF4B-00C04F79EFBC}") = "ZSharp.SourceCompiler.Core", "ZSharp.SourceCompiler.Core\ZSharp.SourceCompiler.Core.csproj", "{2DF6ABEC-5B49-435D-A583-4C97C61D1558}"
EndProject
Project("{FAE04EC0-301F-11D3-BF4B-00C04F79EFBC}") = "ZSharp.SourceCompiler.Module", "ZSharp.SourceCompiler.Module\ZSharp.SourceCompiler.Module.csproj", "{5C914B09-68BF-4BCD-BF9E-2F682F03590D}"
EndProject
Project("{FAE04EC0-301F-11D3-BF4B-00C04F79EFBC}") = "ZSharp.SourceCompiler.Script", "ZSharp.SourceCompiler.Script\ZSharp.SourceCompiler.Script.csproj", "{51F7D757-1DBC-452B-84FF-45307ADCDF5C}"
EndProject
Project("{FAE04EC0-301F-11D3-BF4B-00C04F79EFBC}") = "ZSharp.CLI", "ZSharp.CLI\ZSharp.CLI.csproj", "{4DA26E46-B765-4A8C-BAE1-5E99D6138DAF}"
EndProject
Project("{FAE04EC0-301F-11D3-BF4B-00C04F79EFBC}") = "ZSharp.Compiler.Core", "ZSharp.Compiler.Core\ZSharp.Compiler.Core.csproj", "{F5CCD8B1-98F4-151B-C4FA-6E651CEC6193}"
EndProject
Project("{FAE04EC0-301F-11D3-BF4B-00C04F79EFBC}") = "ZSharp.Logging", "ZSharp.Logging\ZSharp.Logging.csproj", "{EF96A6E6-190B-457B-AD9C-1057CD7EDBB2}"
EndProject
Project("{FAE04EC0-301F-11D3-BF4B-00C04F79EFBC}") = "ZSharp.Compiler.TS", "ZSharp.Compiler.TS\ZSharp.Compiler.TS.csproj", "{1864BBD1-5A3D-4FB1-B799-B736C5016191}"
EndProject
Project("{FAE04EC0-301F-11D3-BF4B-00C04F79EFBC}") = "ZSharp.Compiler.TS.Static", "ZSharp.Compiler.TS.Static\ZSharp.Compiler.TS.Static.csproj", "{C6FC0FBB-6E0B-437B-82B7-294D830109EA}"
EndProject
Project("{FAE04EC0-301F-11D3-BF4B-00C04F79EFBC}") = "ZSharp.Compiler.Context", "ZSharp.Compiler.Context\ZSharp.Compiler.Context.csproj", "{B2DD7DE5-8D23-4BA8-9AC6-808BF8FFF3CA}"
EndProject
Project("{FAE04EC0-301F-11D3-BF4B-00C04F79EFBC}") = "ZSharp.SourceCompiler.Common", "ZSharp.SourceCompiler.Common\ZSharp.SourceCompiler.Common.csproj", "{A3DB8E19-9047-4FF6-87E7-69BDC09647D1}"
EndProject
Project("{FAE04EC0-301F-11D3-BF4B-00C04F79EFBC}") = "ZSharp.Library.Standard.IO", "ZSharp.Library.Standard.IO\ZSharp.Library.Standard.IO.csproj", "{8BD20BCF-DC47-4B94-B40E-1A6B7137265C}"
EndProject
Project("{FAE04EC0-301F-11D3-BF4B-00C04F79EFBC}") = "ZSharp.Compiler.Overloading", "ZSharp.Compiler.Overloading\ZSharp.Compiler.Overloading.csproj", "{51026F8A-3101-41C7-BDD0-9275FE436410}"
EndProject
Project("{FAE04EC0-301F-11D3-BF4B-00C04F79EFBC}") = "ZSharp.Compiler.CG", "ZSharp.Compiler.CG\ZSharp.Compiler.CG.csproj", "{5653B9BD-331E-C526-0DA7-BD8CB9C9274C}"
EndProject
Project("{FAE04EC0-301F-11D3-BF4B-00C04F79EFBC}") = "ZSharp.Compiler.CG.Direct", "ZSharp.Compiler.CG.Direct\ZSharp.Compiler.CG.Direct.csproj", "{4C08CAB6-8668-5DC7-96F5-0335E6AEF680}"
EndProject
Project("{FAE04EC0-301F-11D3-BF4B-00C04F79EFBC}") = "ZSharp.Compiler.CG.Proxy", "ZSharp.Compiler.CG.Proxy\ZSharp.Compiler.CG.Proxy.csproj", "{708FB37D-DCFE-2FEB-DADE-F5C80ACDE10F}"
EndProject
Project("{FAE04EC0-301F-11D3-BF4B-00C04F79EFBC}") = "ZSharp.Compiler.CG.Typed", "ZSharp.Compiler.CG.Typed\ZSharp.Compiler.CG.Typed.csproj", "{62E6B22B-2057-8EFC-30D4-B6F497FEF9D8}"
EndProject
Project("{FAE04EC0-301F-11D3-BF4B-00C04F79EFBC}") = "ZSharp.Compiler.Reflection", "ZSharp.Compiler.Reflection\ZSharp.Compiler.Reflection.csproj", "{0B9B763F-D6DA-4D29-B810-7A4CADF152DB}"
EndProject
Project("{FAE04EC0-301F-11D3-BF4B-00C04F79EFBC}") = "ZSharp.Compiler.IR.Static", "ZSharp.Compiler.IR.Static\ZSharp.Compiler.IR.Static.csproj", "{D4B62927-75B2-4147-8B63-1154BA1AB9CE}"
EndProject
Project("{FAE04EC0-301F-11D3-BF4B-00C04F79EFBC}") = "ZSharp.Compiler.Evaluation", "ZSharp.Compiler.Evaluation\ZSharp.Compiler.Evaluation.csproj", "{C8474D6A-5A65-4D39-AA23-A9EBF8A405AC}"
EndProject
Project("{FAE04EC0-301F-11D3-BF4B-00C04F79EFBC}") = "ZSharp.Compiler.OOP", "ZSharp.Compiler.OOP\ZSharp.Compiler.OOP.csproj", "{329B8A39-AD64-425E-898D-1B3F1D745506}"
EndProject
Project("{FAE04EC0-301F-11D3-BF4B-00C04F79EFBC}") = "ZSharp.Importer.RT", "ZSharp.Importer.RT\ZSharp.Importer.RT.csproj", "{2C743056-A568-443E-B659-5B6731CD9B24}"
EndProject
Project("{FAE04EC0-301F-11D3-BF4B-00C04F79EFBC}") = "ZSharp.Library.Core.Compiler", "ZSharp.Library.Core.Compiler\ZSharp.Library.Core.Compiler.csproj", "{820EF0D4-C0F7-468A-A2A5-70A7EF64FF8A}"
EndProject
Project("{FAE04EC0-301F-11D3-BF4B-00C04F79EFBC}") = "ZSharp.Compiler.Evaluation.Direct", "ZSharp.Compiler.Evaluation.Direct\ZSharp.Compiler.Evaluation.Direct.csproj", "{12BA2B1B-FC9D-4C8C-8D0B-265248CE992D}"
EndProject
Project("{FAE04EC0-301F-11D3-BF4B-00C04F79EFBC}") = "ZSharp.Compiler.Evaluation.IR", "ZSharp.Compiler.Evaluation.IR\ZSharp.Compiler.Evaluation.IR.csproj", "{D409F69A-8459-7B08-E513-7235D92D8EA0}"
EndProject
Project("{FAE04EC0-301F-11D3-BF4B-00C04F79EFBC}") = "ZSharp.Library.Core.Runtime", "ZSharp.Library.Core.Runtime\ZSharp.Library.Core.Runtime.csproj", "{C3DC23C8-E046-4DDB-9CBE-BAA75BAC8459}"
EndProject
Project("{FAE04EC0-301F-11D3-BF4B-00C04F79EFBC}") = "ZSharp.Library.Core.LanguageExtensions", "ZSharp.Library.Core.LanguageExtensions\ZSharp.Library.Core.LanguageExtensions.csproj", "{EC4D028D-B296-4DE8-B433-9A79F247446A}"
EndProject
Project("{FAE04EC0-301F-11D3-BF4B-00C04F79EFBC}") = "ZSharp.Importer.Literals", "ZSharp.Importer.Literals\ZSharp.Importer.Literals.csproj", "{0668E6BE-7ED1-4ED1-A380-13E2A8D2ED6A}"
EndProject
Project("{FAE04EC0-301F-11D3-BF4B-00C04F79EFBC}") = "ZSharp.Library.Core.Runtime.Meta", "ZSharp.Library.Core.Runtime.Meta\ZSharp.Library.Core.Runtime.Meta.csproj", "{8F261AE2-4D02-4268-B340-1946215B30E8}"
EndProject
Project("{FAE04EC0-301F-11D3-BF4B-00C04F79EFBC}") = "ZSharp.Library.Package.DotNet", "ZSharp.Library.Package.DotNet\ZSharp.Library.Package.DotNet.csproj", "{E0A1C6EF-652E-4380-8942-D44E5B2B07F9}"
EndProject
Project("{FAE04EC0-301F-11D3-BF4B-00C04F79EFBC}") = "ZSharp.Library.Package.DotNet.CG", "ZSharp.Library.Package.DotNet.CG\ZSharp.Library.Package.DotNet.CG.csproj", "{BBF1F670-4DB6-4700-89F8-F2DA35EE3D26}"
EndProject
Project("{FAE04EC0-301F-11D3-BF4B-00C04F79EFBC}") = "ZSharp.HIR", "ZSharp.HIR\ZSharp.HIR.csproj", "{B341A5E5-E1FB-1395-2420-23D90DBBAFCE}"
EndProject
Project("{FAE04EC0-301F-11D3-BF4B-00C04F79EFBC}") = "ZSharp.HIR.Code", "ZSharp.HIR.Code\ZSharp.HIR.Code.csproj", "{9712E6AC-0074-4E08-BB66-8E0FAF03A7B4}"
EndProject
Global
	GlobalSection(SolutionConfigurationPlatforms) = preSolution
		Debug|Any CPU = Debug|Any CPU
		Release|Any CPU = Release|Any CPU
	EndGlobalSection
	GlobalSection(ProjectConfigurationPlatforms) = postSolution
		{50A7F0CE-AFEE-418E-89E3-96F41D45BF8A}.Debug|Any CPU.ActiveCfg = Debug|Any CPU
		{50A7F0CE-AFEE-418E-89E3-96F41D45BF8A}.Debug|Any CPU.Build.0 = Debug|Any CPU
		{50A7F0CE-AFEE-418E-89E3-96F41D45BF8A}.Release|Any CPU.ActiveCfg = Release|Any CPU
		{50A7F0CE-AFEE-418E-89E3-96F41D45BF8A}.Release|Any CPU.Build.0 = Release|Any CPU
		{FF325F83-6A09-4476-81B3-73315CE03FB1}.Debug|Any CPU.ActiveCfg = Debug|Any CPU
		{FF325F83-6A09-4476-81B3-73315CE03FB1}.Debug|Any CPU.Build.0 = Debug|Any CPU
		{FF325F83-6A09-4476-81B3-73315CE03FB1}.Release|Any CPU.ActiveCfg = Release|Any CPU
		{FF325F83-6A09-4476-81B3-73315CE03FB1}.Release|Any CPU.Build.0 = Release|Any CPU
		{E81AC1F8-9CED-4E6E-B1F2-A9E66A1EBF63}.Debug|Any CPU.ActiveCfg = Debug|Any CPU
		{E81AC1F8-9CED-4E6E-B1F2-A9E66A1EBF63}.Debug|Any CPU.Build.0 = Debug|Any CPU
		{E81AC1F8-9CED-4E6E-B1F2-A9E66A1EBF63}.Release|Any CPU.ActiveCfg = Release|Any CPU
		{E81AC1F8-9CED-4E6E-B1F2-A9E66A1EBF63}.Release|Any CPU.Build.0 = Release|Any CPU
		{A6987B24-D697-4F9F-9615-9BE8641065A8}.Debug|Any CPU.ActiveCfg = Debug|Any CPU
		{A6987B24-D697-4F9F-9615-9BE8641065A8}.Debug|Any CPU.Build.0 = Debug|Any CPU
		{A6987B24-D697-4F9F-9615-9BE8641065A8}.Release|Any CPU.ActiveCfg = Release|Any CPU
		{A6987B24-D697-4F9F-9615-9BE8641065A8}.Release|Any CPU.Build.0 = Release|Any CPU
		{678634DE-CD65-4020-AB16-CCC77E013299}.Debug|Any CPU.ActiveCfg = Debug|Any CPU
		{678634DE-CD65-4020-AB16-CCC77E013299}.Debug|Any CPU.Build.0 = Debug|Any CPU
		{678634DE-CD65-4020-AB16-CCC77E013299}.Release|Any CPU.ActiveCfg = Release|Any CPU
		{678634DE-CD65-4020-AB16-CCC77E013299}.Release|Any CPU.Build.0 = Release|Any CPU
		{2A7DE2EA-2347-465B-AFC4-62F46B380F30}.Debug|Any CPU.ActiveCfg = Debug|Any CPU
		{2A7DE2EA-2347-465B-AFC4-62F46B380F30}.Debug|Any CPU.Build.0 = Debug|Any CPU
		{2A7DE2EA-2347-465B-AFC4-62F46B380F30}.Release|Any CPU.ActiveCfg = Release|Any CPU
		{2A7DE2EA-2347-465B-AFC4-62F46B380F30}.Release|Any CPU.Build.0 = Release|Any CPU
		{8523CD79-8272-4331-A49F-947B0269A42D}.Debug|Any CPU.ActiveCfg = Debug|Any CPU
		{8523CD79-8272-4331-A49F-947B0269A42D}.Debug|Any CPU.Build.0 = Debug|Any CPU
		{8523CD79-8272-4331-A49F-947B0269A42D}.Release|Any CPU.ActiveCfg = Release|Any CPU
		{8523CD79-8272-4331-A49F-947B0269A42D}.Release|Any CPU.Build.0 = Release|Any CPU
		{F46A91F5-47BA-468A-81F0-FF6BCEB4112C}.Debug|Any CPU.ActiveCfg = Debug|Any CPU
		{F46A91F5-47BA-468A-81F0-FF6BCEB4112C}.Debug|Any CPU.Build.0 = Debug|Any CPU
		{F46A91F5-47BA-468A-81F0-FF6BCEB4112C}.Release|Any CPU.ActiveCfg = Release|Any CPU
		{F46A91F5-47BA-468A-81F0-FF6BCEB4112C}.Release|Any CPU.Build.0 = Release|Any CPU
		{AF9E7F68-2AB3-42F7-AE29-5D7A1CE89DBA}.Debug|Any CPU.ActiveCfg = Debug|Any CPU
		{AF9E7F68-2AB3-42F7-AE29-5D7A1CE89DBA}.Debug|Any CPU.Build.0 = Debug|Any CPU
		{AF9E7F68-2AB3-42F7-AE29-5D7A1CE89DBA}.Release|Any CPU.ActiveCfg = Release|Any CPU
		{AF9E7F68-2AB3-42F7-AE29-5D7A1CE89DBA}.Release|Any CPU.Build.0 = Release|Any CPU
		{E3DAA459-48D0-461E-A17E-453816D15090}.Debug|Any CPU.ActiveCfg = Debug|Any CPU
		{E3DAA459-48D0-461E-A17E-453816D15090}.Debug|Any CPU.Build.0 = Debug|Any CPU
		{E3DAA459-48D0-461E-A17E-453816D15090}.Release|Any CPU.ActiveCfg = Release|Any CPU
		{E3DAA459-48D0-461E-A17E-453816D15090}.Release|Any CPU.Build.0 = Release|Any CPU
		{8A5EB8BE-EDF3-444E-AC15-A3E9DEF1FC7F}.Debug|Any CPU.ActiveCfg = Debug|Any CPU
		{8A5EB8BE-EDF3-444E-AC15-A3E9DEF1FC7F}.Debug|Any CPU.Build.0 = Debug|Any CPU
		{8A5EB8BE-EDF3-444E-AC15-A3E9DEF1FC7F}.Release|Any CPU.ActiveCfg = Release|Any CPU
		{8A5EB8BE-EDF3-444E-AC15-A3E9DEF1FC7F}.Release|Any CPU.Build.0 = Release|Any CPU
		{7E9F2ABB-373C-40BF-8D62-CBDD64DA8E36}.Debug|Any CPU.ActiveCfg = Debug|Any CPU
		{7E9F2ABB-373C-40BF-8D62-CBDD64DA8E36}.Debug|Any CPU.Build.0 = Debug|Any CPU
		{7E9F2ABB-373C-40BF-8D62-CBDD64DA8E36}.Release|Any CPU.ActiveCfg = Release|Any CPU
		{7E9F2ABB-373C-40BF-8D62-CBDD64DA8E36}.Release|Any CPU.Build.0 = Release|Any CPU
		{2222D3B2-0148-4AAC-955C-679E7F20C2FA}.Debug|Any CPU.ActiveCfg = Debug|Any CPU
		{2222D3B2-0148-4AAC-955C-679E7F20C2FA}.Debug|Any CPU.Build.0 = Debug|Any CPU
		{2222D3B2-0148-4AAC-955C-679E7F20C2FA}.Release|Any CPU.ActiveCfg = Release|Any CPU
		{2222D3B2-0148-4AAC-955C-679E7F20C2FA}.Release|Any CPU.Build.0 = Release|Any CPU
		{980FAC95-52E8-499D-96A9-943EE4861EA0}.Debug|Any CPU.ActiveCfg = Debug|Any CPU
		{980FAC95-52E8-499D-96A9-943EE4861EA0}.Debug|Any CPU.Build.0 = Debug|Any CPU
		{980FAC95-52E8-499D-96A9-943EE4861EA0}.Release|Any CPU.ActiveCfg = Release|Any CPU
		{980FAC95-52E8-499D-96A9-943EE4861EA0}.Release|Any CPU.Build.0 = Release|Any CPU
		{3CD28041-00F7-4A40-BEFD-4F77809BCBF7}.Debug|Any CPU.ActiveCfg = Debug|Any CPU
		{3CD28041-00F7-4A40-BEFD-4F77809BCBF7}.Debug|Any CPU.Build.0 = Debug|Any CPU
		{3CD28041-00F7-4A40-BEFD-4F77809BCBF7}.Release|Any CPU.ActiveCfg = Release|Any CPU
		{3CD28041-00F7-4A40-BEFD-4F77809BCBF7}.Release|Any CPU.Build.0 = Release|Any CPU
		{B3E3E076-4B77-433F-9466-D0A0D8D9EAFA}.Debug|Any CPU.ActiveCfg = Debug|Any CPU
		{B3E3E076-4B77-433F-9466-D0A0D8D9EAFA}.Debug|Any CPU.Build.0 = Debug|Any CPU
		{B3E3E076-4B77-433F-9466-D0A0D8D9EAFA}.Release|Any CPU.ActiveCfg = Release|Any CPU
		{B3E3E076-4B77-433F-9466-D0A0D8D9EAFA}.Release|Any CPU.Build.0 = Release|Any CPU
		{FBDD6EA4-FA23-47B3-8A41-538AE2EA575E}.Debug|Any CPU.ActiveCfg = Debug|Any CPU
		{FBDD6EA4-FA23-47B3-8A41-538AE2EA575E}.Debug|Any CPU.Build.0 = Debug|Any CPU
		{FBDD6EA4-FA23-47B3-8A41-538AE2EA575E}.Release|Any CPU.ActiveCfg = Release|Any CPU
		{FBDD6EA4-FA23-47B3-8A41-538AE2EA575E}.Release|Any CPU.Build.0 = Release|Any CPU
		{42BF3911-0DC7-4831-A989-98D48C17CC74}.Debug|Any CPU.ActiveCfg = Debug|Any CPU
		{42BF3911-0DC7-4831-A989-98D48C17CC74}.Debug|Any CPU.Build.0 = Debug|Any CPU
		{42BF3911-0DC7-4831-A989-98D48C17CC74}.Release|Any CPU.ActiveCfg = Release|Any CPU
		{42BF3911-0DC7-4831-A989-98D48C17CC74}.Release|Any CPU.Build.0 = Release|Any CPU
		{2DF6ABEC-5B49-435D-A583-4C97C61D1558}.Debug|Any CPU.ActiveCfg = Debug|Any CPU
		{2DF6ABEC-5B49-435D-A583-4C97C61D1558}.Debug|Any CPU.Build.0 = Debug|Any CPU
		{2DF6ABEC-5B49-435D-A583-4C97C61D1558}.Release|Any CPU.ActiveCfg = Release|Any CPU
		{2DF6ABEC-5B49-435D-A583-4C97C61D1558}.Release|Any CPU.Build.0 = Release|Any CPU
		{5C914B09-68BF-4BCD-BF9E-2F682F03590D}.Debug|Any CPU.ActiveCfg = Debug|Any CPU
		{5C914B09-68BF-4BCD-BF9E-2F682F03590D}.Debug|Any CPU.Build.0 = Debug|Any CPU
		{5C914B09-68BF-4BCD-BF9E-2F682F03590D}.Release|Any CPU.ActiveCfg = Release|Any CPU
		{5C914B09-68BF-4BCD-BF9E-2F682F03590D}.Release|Any CPU.Build.0 = Release|Any CPU
		{51F7D757-1DBC-452B-84FF-45307ADCDF5C}.Debug|Any CPU.ActiveCfg = Debug|Any CPU
		{51F7D757-1DBC-452B-84FF-45307ADCDF5C}.Debug|Any CPU.Build.0 = Debug|Any CPU
		{51F7D757-1DBC-452B-84FF-45307ADCDF5C}.Release|Any CPU.ActiveCfg = Release|Any CPU
		{51F7D757-1DBC-452B-84FF-45307ADCDF5C}.Release|Any CPU.Build.0 = Release|Any CPU
		{4DA26E46-B765-4A8C-BAE1-5E99D6138DAF}.Debug|Any CPU.ActiveCfg = Debug|Any CPU
		{4DA26E46-B765-4A8C-BAE1-5E99D6138DAF}.Debug|Any CPU.Build.0 = Debug|Any CPU
		{4DA26E46-B765-4A8C-BAE1-5E99D6138DAF}.Release|Any CPU.ActiveCfg = Release|Any CPU
		{4DA26E46-B765-4A8C-BAE1-5E99D6138DAF}.Release|Any CPU.Build.0 = Release|Any CPU
		{F5CCD8B1-98F4-151B-C4FA-6E651CEC6193}.Debug|Any CPU.ActiveCfg = Debug|Any CPU
		{F5CCD8B1-98F4-151B-C4FA-6E651CEC6193}.Debug|Any CPU.Build.0 = Debug|Any CPU
		{F5CCD8B1-98F4-151B-C4FA-6E651CEC6193}.Release|Any CPU.ActiveCfg = Release|Any CPU
		{F5CCD8B1-98F4-151B-C4FA-6E651CEC6193}.Release|Any CPU.Build.0 = Release|Any CPU
		{EF96A6E6-190B-457B-AD9C-1057CD7EDBB2}.Debug|Any CPU.ActiveCfg = Debug|Any CPU
		{EF96A6E6-190B-457B-AD9C-1057CD7EDBB2}.Debug|Any CPU.Build.0 = Debug|Any CPU
		{EF96A6E6-190B-457B-AD9C-1057CD7EDBB2}.Release|Any CPU.ActiveCfg = Release|Any CPU
		{EF96A6E6-190B-457B-AD9C-1057CD7EDBB2}.Release|Any CPU.Build.0 = Release|Any CPU
		{1864BBD1-5A3D-4FB1-B799-B736C5016191}.Debug|Any CPU.ActiveCfg = Debug|Any CPU
		{1864BBD1-5A3D-4FB1-B799-B736C5016191}.Debug|Any CPU.Build.0 = Debug|Any CPU
		{1864BBD1-5A3D-4FB1-B799-B736C5016191}.Release|Any CPU.ActiveCfg = Release|Any CPU
		{1864BBD1-5A3D-4FB1-B799-B736C5016191}.Release|Any CPU.Build.0 = Release|Any CPU
		{C6FC0FBB-6E0B-437B-82B7-294D830109EA}.Debug|Any CPU.ActiveCfg = Debug|Any CPU
		{C6FC0FBB-6E0B-437B-82B7-294D830109EA}.Debug|Any CPU.Build.0 = Debug|Any CPU
		{C6FC0FBB-6E0B-437B-82B7-294D830109EA}.Release|Any CPU.ActiveCfg = Release|Any CPU
		{C6FC0FBB-6E0B-437B-82B7-294D830109EA}.Release|Any CPU.Build.0 = Release|Any CPU
		{B2DD7DE5-8D23-4BA8-9AC6-808BF8FFF3CA}.Debug|Any CPU.ActiveCfg = Debug|Any CPU
		{B2DD7DE5-8D23-4BA8-9AC6-808BF8FFF3CA}.Debug|Any CPU.Build.0 = Debug|Any CPU
		{B2DD7DE5-8D23-4BA8-9AC6-808BF8FFF3CA}.Release|Any CPU.ActiveCfg = Release|Any CPU
		{B2DD7DE5-8D23-4BA8-9AC6-808BF8FFF3CA}.Release|Any CPU.Build.0 = Release|Any CPU
		{A3DB8E19-9047-4FF6-87E7-69BDC09647D1}.Debug|Any CPU.ActiveCfg = Debug|Any CPU
		{A3DB8E19-9047-4FF6-87E7-69BDC09647D1}.Debug|Any CPU.Build.0 = Debug|Any CPU
		{A3DB8E19-9047-4FF6-87E7-69BDC09647D1}.Release|Any CPU.ActiveCfg = Release|Any CPU
		{A3DB8E19-9047-4FF6-87E7-69BDC09647D1}.Release|Any CPU.Build.0 = Release|Any CPU
		{8BD20BCF-DC47-4B94-B40E-1A6B7137265C}.Debug|Any CPU.ActiveCfg = Debug|Any CPU
		{8BD20BCF-DC47-4B94-B40E-1A6B7137265C}.Debug|Any CPU.Build.0 = Debug|Any CPU
		{8BD20BCF-DC47-4B94-B40E-1A6B7137265C}.Release|Any CPU.ActiveCfg = Release|Any CPU
		{8BD20BCF-DC47-4B94-B40E-1A6B7137265C}.Release|Any CPU.Build.0 = Release|Any CPU
		{51026F8A-3101-41C7-BDD0-9275FE436410}.Debug|Any CPU.ActiveCfg = Debug|Any CPU
		{51026F8A-3101-41C7-BDD0-9275FE436410}.Debug|Any CPU.Build.0 = Debug|Any CPU
		{51026F8A-3101-41C7-BDD0-9275FE436410}.Release|Any CPU.ActiveCfg = Release|Any CPU
		{51026F8A-3101-41C7-BDD0-9275FE436410}.Release|Any CPU.Build.0 = Release|Any CPU
		{5653B9BD-331E-C526-0DA7-BD8CB9C9274C}.Debug|Any CPU.ActiveCfg = Debug|Any CPU
		{5653B9BD-331E-C526-0DA7-BD8CB9C9274C}.Debug|Any CPU.Build.0 = Debug|Any CPU
		{5653B9BD-331E-C526-0DA7-BD8CB9C9274C}.Release|Any CPU.ActiveCfg = Release|Any CPU
		{5653B9BD-331E-C526-0DA7-BD8CB9C9274C}.Release|Any CPU.Build.0 = Release|Any CPU
		{4C08CAB6-8668-5DC7-96F5-0335E6AEF680}.Debug|Any CPU.ActiveCfg = Debug|Any CPU
		{4C08CAB6-8668-5DC7-96F5-0335E6AEF680}.Debug|Any CPU.Build.0 = Debug|Any CPU
		{4C08CAB6-8668-5DC7-96F5-0335E6AEF680}.Release|Any CPU.ActiveCfg = Release|Any CPU
		{4C08CAB6-8668-5DC7-96F5-0335E6AEF680}.Release|Any CPU.Build.0 = Release|Any CPU
		{708FB37D-DCFE-2FEB-DADE-F5C80ACDE10F}.Debug|Any CPU.ActiveCfg = Debug|Any CPU
		{708FB37D-DCFE-2FEB-DADE-F5C80ACDE10F}.Debug|Any CPU.Build.0 = Debug|Any CPU
		{708FB37D-DCFE-2FEB-DADE-F5C80ACDE10F}.Release|Any CPU.ActiveCfg = Release|Any CPU
		{708FB37D-DCFE-2FEB-DADE-F5C80ACDE10F}.Release|Any CPU.Build.0 = Release|Any CPU
		{62E6B22B-2057-8EFC-30D4-B6F497FEF9D8}.Debug|Any CPU.ActiveCfg = Debug|Any CPU
		{62E6B22B-2057-8EFC-30D4-B6F497FEF9D8}.Debug|Any CPU.Build.0 = Debug|Any CPU
		{62E6B22B-2057-8EFC-30D4-B6F497FEF9D8}.Release|Any CPU.ActiveCfg = Release|Any CPU
		{62E6B22B-2057-8EFC-30D4-B6F497FEF9D8}.Release|Any CPU.Build.0 = Release|Any CPU
		{0B9B763F-D6DA-4D29-B810-7A4CADF152DB}.Debug|Any CPU.ActiveCfg = Debug|Any CPU
		{0B9B763F-D6DA-4D29-B810-7A4CADF152DB}.Debug|Any CPU.Build.0 = Debug|Any CPU
		{0B9B763F-D6DA-4D29-B810-7A4CADF152DB}.Release|Any CPU.ActiveCfg = Release|Any CPU
		{0B9B763F-D6DA-4D29-B810-7A4CADF152DB}.Release|Any CPU.Build.0 = Release|Any CPU
		{D4B62927-75B2-4147-8B63-1154BA1AB9CE}.Debug|Any CPU.ActiveCfg = Debug|Any CPU
		{D4B62927-75B2-4147-8B63-1154BA1AB9CE}.Debug|Any CPU.Build.0 = Debug|Any CPU
		{D4B62927-75B2-4147-8B63-1154BA1AB9CE}.Release|Any CPU.ActiveCfg = Release|Any CPU
		{D4B62927-75B2-4147-8B63-1154BA1AB9CE}.Release|Any CPU.Build.0 = Release|Any CPU
		{C8474D6A-5A65-4D39-AA23-A9EBF8A405AC}.Debug|Any CPU.ActiveCfg = Debug|Any CPU
		{C8474D6A-5A65-4D39-AA23-A9EBF8A405AC}.Debug|Any CPU.Build.0 = Debug|Any CPU
		{C8474D6A-5A65-4D39-AA23-A9EBF8A405AC}.Release|Any CPU.ActiveCfg = Release|Any CPU
		{C8474D6A-5A65-4D39-AA23-A9EBF8A405AC}.Release|Any CPU.Build.0 = Release|Any CPU
		{329B8A39-AD64-425E-898D-1B3F1D745506}.Debug|Any CPU.ActiveCfg = Debug|Any CPU
		{329B8A39-AD64-425E-898D-1B3F1D745506}.Debug|Any CPU.Build.0 = Debug|Any CPU
		{329B8A39-AD64-425E-898D-1B3F1D745506}.Release|Any CPU.ActiveCfg = Release|Any CPU
		{329B8A39-AD64-425E-898D-1B3F1D745506}.Release|Any CPU.Build.0 = Release|Any CPU
		{2C743056-A568-443E-B659-5B6731CD9B24}.Debug|Any CPU.ActiveCfg = Debug|Any CPU
		{2C743056-A568-443E-B659-5B6731CD9B24}.Debug|Any CPU.Build.0 = Debug|Any CPU
		{2C743056-A568-443E-B659-5B6731CD9B24}.Release|Any CPU.ActiveCfg = Release|Any CPU
		{2C743056-A568-443E-B659-5B6731CD9B24}.Release|Any CPU.Build.0 = Release|Any CPU
		{820EF0D4-C0F7-468A-A2A5-70A7EF64FF8A}.Debug|Any CPU.ActiveCfg = Debug|Any CPU
		{820EF0D4-C0F7-468A-A2A5-70A7EF64FF8A}.Debug|Any CPU.Build.0 = Debug|Any CPU
		{820EF0D4-C0F7-468A-A2A5-70A7EF64FF8A}.Release|Any CPU.ActiveCfg = Release|Any CPU
		{820EF0D4-C0F7-468A-A2A5-70A7EF64FF8A}.Release|Any CPU.Build.0 = Release|Any CPU
		{12BA2B1B-FC9D-4C8C-8D0B-265248CE992D}.Debug|Any CPU.ActiveCfg = Debug|Any CPU
		{12BA2B1B-FC9D-4C8C-8D0B-265248CE992D}.Debug|Any CPU.Build.0 = Debug|Any CPU
		{12BA2B1B-FC9D-4C8C-8D0B-265248CE992D}.Release|Any CPU.ActiveCfg = Release|Any CPU
		{12BA2B1B-FC9D-4C8C-8D0B-265248CE992D}.Release|Any CPU.Build.0 = Release|Any CPU
		{D409F69A-8459-7B08-E513-7235D92D8EA0}.Debug|Any CPU.ActiveCfg = Debug|Any CPU
		{D409F69A-8459-7B08-E513-7235D92D8EA0}.Debug|Any CPU.Build.0 = Debug|Any CPU
		{D409F69A-8459-7B08-E513-7235D92D8EA0}.Release|Any CPU.ActiveCfg = Release|Any CPU
		{D409F69A-8459-7B08-E513-7235D92D8EA0}.Release|Any CPU.Build.0 = Release|Any CPU
		{C3DC23C8-E046-4DDB-9CBE-BAA75BAC8459}.Debug|Any CPU.ActiveCfg = Debug|Any CPU
		{C3DC23C8-E046-4DDB-9CBE-BAA75BAC8459}.Debug|Any CPU.Build.0 = Debug|Any CPU
		{C3DC23C8-E046-4DDB-9CBE-BAA75BAC8459}.Release|Any CPU.ActiveCfg = Release|Any CPU
		{C3DC23C8-E046-4DDB-9CBE-BAA75BAC8459}.Release|Any CPU.Build.0 = Release|Any CPU
		{EC4D028D-B296-4DE8-B433-9A79F247446A}.Debug|Any CPU.ActiveCfg = Debug|Any CPU
		{EC4D028D-B296-4DE8-B433-9A79F247446A}.Debug|Any CPU.Build.0 = Debug|Any CPU
		{EC4D028D-B296-4DE8-B433-9A79F247446A}.Release|Any CPU.ActiveCfg = Release|Any CPU
		{EC4D028D-B296-4DE8-B433-9A79F247446A}.Release|Any CPU.Build.0 = Release|Any CPU
		{0668E6BE-7ED1-4ED1-A380-13E2A8D2ED6A}.Debug|Any CPU.ActiveCfg = Debug|Any CPU
		{0668E6BE-7ED1-4ED1-A380-13E2A8D2ED6A}.Debug|Any CPU.Build.0 = Debug|Any CPU
		{0668E6BE-7ED1-4ED1-A380-13E2A8D2ED6A}.Release|Any CPU.ActiveCfg = Release|Any CPU
		{0668E6BE-7ED1-4ED1-A380-13E2A8D2ED6A}.Release|Any CPU.Build.0 = Release|Any CPU
		{8F261AE2-4D02-4268-B340-1946215B30E8}.Debug|Any CPU.ActiveCfg = Debug|Any CPU
		{8F261AE2-4D02-4268-B340-1946215B30E8}.Debug|Any CPU.Build.0 = Debug|Any CPU
		{8F261AE2-4D02-4268-B340-1946215B30E8}.Release|Any CPU.ActiveCfg = Release|Any CPU
		{8F261AE2-4D02-4268-B340-1946215B30E8}.Release|Any CPU.Build.0 = Release|Any CPU
		{E0A1C6EF-652E-4380-8942-D44E5B2B07F9}.Debug|Any CPU.ActiveCfg = Debug|Any CPU
		{E0A1C6EF-652E-4380-8942-D44E5B2B07F9}.Debug|Any CPU.Build.0 = Debug|Any CPU
		{E0A1C6EF-652E-4380-8942-D44E5B2B07F9}.Release|Any CPU.ActiveCfg = Release|Any CPU
		{E0A1C6EF-652E-4380-8942-D44E5B2B07F9}.Release|Any CPU.Build.0 = Release|Any CPU
		{BBF1F670-4DB6-4700-89F8-F2DA35EE3D26}.Debug|Any CPU.ActiveCfg = Debug|Any CPU
		{BBF1F670-4DB6-4700-89F8-F2DA35EE3D26}.Debug|Any CPU.Build.0 = Debug|Any CPU
		{BBF1F670-4DB6-4700-89F8-F2DA35EE3D26}.Release|Any CPU.ActiveCfg = Release|Any CPU
		{BBF1F670-4DB6-4700-89F8-F2DA35EE3D26}.Release|Any CPU.Build.0 = Release|Any CPU
		{B341A5E5-E1FB-1395-2420-23D90DBBAFCE}.Debug|Any CPU.ActiveCfg = Debug|Any CPU
		{B341A5E5-E1FB-1395-2420-23D90DBBAFCE}.Debug|Any CPU.Build.0 = Debug|Any CPU
		{B341A5E5-E1FB-1395-2420-23D90DBBAFCE}.Release|Any CPU.ActiveCfg = Release|Any CPU
		{B341A5E5-E1FB-1395-2420-23D90DBBAFCE}.Release|Any CPU.Build.0 = Release|Any CPU
		{9712E6AC-0074-4E08-BB66-8E0FAF03A7B4}.Debug|Any CPU.ActiveCfg = Debug|Any CPU
		{9712E6AC-0074-4E08-BB66-8E0FAF03A7B4}.Debug|Any CPU.Build.0 = Debug|Any CPU
		{9712E6AC-0074-4E08-BB66-8E0FAF03A7B4}.Release|Any CPU.ActiveCfg = Release|Any CPU
		{9712E6AC-0074-4E08-BB66-8E0FAF03A7B4}.Release|Any CPU.Build.0 = Release|Any CPU
	EndGlobalSection
	GlobalSection(SolutionProperties) = preSolution
		HideSolutionNode = FALSE
	EndGlobalSection
	GlobalSection(ExtensibilityGlobals) = postSolution
		SolutionGuid = {03B23C67-F919-4EF4-925F-004C0E837284}
	EndGlobalSection
EndGlobal
